hash: 9e8b6504af1cad058e0931c2d70925995ec1424fbe8020fec28ccfcc9ed4837b
updated: 2016-08-24T22:22:21.590919597-04:00
imports:
- name: github.com/cloudfoundry-incubator/candiedyaml
  version: a55cbe5235eca660149a2f4e581ed829506f2f9a
- name: github.com/dghubble/sling
  version: a55cbe5235eca660149a2f4e581ed829506f2f9a
- name: github.com/fatih/color
  version: 87d4004f2ab62d0d255e0a38f1680aa534549fe3
- name: github.com/ghetzel/bee-hotel
  version: a55cbe5235eca660149a2f4e581ed829506f2f9a
- name: github.com/ghetzel/cli
  version: a55cbe5235eca660149a2f4e581ed829506f2f9a
- name: github.com/ghetzel/go-stockutil
  version: a55cbe5235eca660149a2f4e581ed829506f2f9a
  subpackages:
  - sliceutil
- name: github.com/ghodss/yaml
  version: a55cbe5235eca660149a2f4e581ed829506f2f9a
- name: github.com/google/go-querystring
  version: a55cbe5235eca660149a2f4e581ed829506f2f9a
  subpackages:
  - query
- name: github.com/op/go-logging
  version: a55cbe5235eca660149a2f4e581ed829506f2f9a
devImports: []
