hash: 9e8b6504af1cad058e0931c2d70925995ec1424fbe8020fec28ccfcc9ed4837b
updated: 2016-08-27T19:16:08.49731245-04:00
imports:
- name: github.com/cloudfoundry-incubator/candiedyaml
  version: 99c3df83b51532e3615f851d8c2dbb638f5313bf
- name: github.com/dghubble/sling
  version: 52e88a7b75a5db3b49f8911f16d49d9b7b67adc5
- name: github.com/fatih/color
  version: 87d4004f2ab62d0d255e0a38f1680aa534549fe3
- name: github.com/ghetzel/bee-hotel
  version: 07ffbc8bf2c7526bcd657ce588b538f8a066d94f
- name: github.com/ghetzel/cli
  version: 4733699ce30faa633c4db36ebfbe427963593d7d
- name: github.com/ghetzel/go-stockutil
  version: 6b2d413e11f60f9f58f2bddb0a3d8d51f3a6f329
  subpackages:
  - sliceutil
  - stringutil
- name: github.com/ghodss/yaml
  version: aa0c862057666179de291b67d9f093d12b5a8473
- name: github.com/google/go-querystring
  version: 9235644dd9e52eeae6fa48efd539fdc351a0af53
  subpackages:
  - query
- name: github.com/op/go-logging
  version: 970db520ece77730c7e4724c61121037378659d9
devImports: []
